
Microsoft Visual Studio Solution File, Format Version 12.00
# Visual Studio Version 17
VisualStudioVersion = 17.4.33122.133
MinimumVisualStudioVersion = 10.0.40219.1
Project("{FAE04EC0-301F-11D3-BF4B-00C04F79EFBC}") = "Moviles.Android", "Moviles.Android\Moviles.Android.csproj", "{2E1D25D2-9AA8-4522-8289-72F21CAB829B}"
EndProject
Project("{FAE04EC0-301F-11D3-BF4B-00C04F79EFBC}") = "Moviles.iOS", "Moviles.iOS\Moviles.iOS.csproj", "{65B76AC4-1396-4138-A0F7-41DFCDEF9956}"
EndProject
Project("{FAE04EC0-301F-11D3-BF4B-00C04F79EFBC}") = "Moviles", "Moviles\Moviles.csproj", "{7A54C54D-9C89-494C-A090-3808FC99CE1B}"
EndProject
Global
	GlobalSection(SolutionConfigurationPlatforms) = preSolution
		Debug|Any CPU = Debug|Any CPU
		Debug|iPhone = Debug|iPhone
		Debug|iPhoneSimulator = Debug|iPhoneSimulator
		Release|Any CPU = Release|Any CPU
		Release|iPhone = Release|iPhone
		Release|iPhoneSimulator = Release|iPhoneSimulator
	EndGlobalSection
	GlobalSection(ProjectConfigurationPlatforms) = postSolution
		{2E1D25D2-9AA8-4522-8289-72F21CAB829B}.Debug|Any CPU.ActiveCfg = Debug|Any CPU
		{2E1D25D2-9AA8-4522-8289-72F21CAB829B}.Debug|Any CPU.Build.0 = Debug|Any CPU
		{2E1D25D2-9AA8-4522-8289-72F21CAB829B}.Debug|Any CPU.Deploy.0 = Debug|Any CPU
		{2E1D25D2-9AA8-4522-8289-72F21CAB829B}.Debug|iPhone.ActiveCfg = Debug|Any CPU
		{2E1D25D2-9AA8-4522-8289-72F21CAB829B}.Debug|iPhone.Build.0 = Debug|Any CPU
		{2E1D25D2-9AA8-4522-8289-72F21CAB829B}.Debug|iPhone.Deploy.0 = Debug|Any CPU
		{2E1D25D2-9AA8-4522-8289-72F21CAB829B}.Debug|iPhoneSimulator.ActiveCfg = Debug|Any CPU
		{2E1D25D2-9AA8-4522-8289-72F21CAB829B}.Debug|iPhoneSimulator.Build.0 = Debug|Any CPU
		{2E1D25D2-9AA8-4522-8289-72F21CAB829B}.Debug|iPhoneSimulator.Deploy.0 = Debug|Any CPU
		{2E1D25D2-9AA8-4522-8289-72F21CAB829B}.Release|Any CPU.ActiveCfg = Release|Any CPU
		{2E1D25D2-9AA8-4522-8289-72F21CAB829B}.Release|Any CPU.Build.0 = Release|Any CPU
		{2E1D25D2-9AA8-4522-8289-72F21CAB829B}.Release|Any CPU.Deploy.0 = Release|Any CPU
		{2E1D25D2-9AA8-4522-8289-72F21CAB829B}.Release|iPhone.ActiveCfg = Release|Any CPU
		{2E1D25D2-9AA8-4522-8289-72F21CAB829B}.Release|iPhone.Build.0 = Release|Any CPU
		{2E1D25D2-9AA8-4522-8289-72F21CAB829B}.Release|iPhone.Deploy.0 = Release|Any CPU
		{2E1D25D2-9AA8-4522-8289-72F21CAB829B}.Release|iPhoneSimulator.ActiveCfg = Release|Any CPU
		{2E1D25D2-9AA8-4522-8289-72F21CAB829B}.Release|iPhoneSimulator.Build.0 = Release|Any CPU
		{2E1D25D2-9AA8-4522-8289-72F21CAB829B}.Release|iPhoneSimulator.Deploy.0 = Release|Any CPU
		{65B76AC4-1396-4138-A0F7-41DFCDEF9956}.Debug|Any CPU.ActiveCfg = Debug|iPhone
		{65B76AC4-1396-4138-A0F7-41DFCDEF9956}.Debug|Any CPU.Build.0 = Debug|iPhone
		{65B76AC4-1396-4138-A0F7-41DFCDEF9956}.Debug|Any CPU.Deploy.0 = Debug|iPhone
		{65B76AC4-1396-4138-A0F7-41DFCDEF9956}.Debug|iPhone.ActiveCfg = Debug|iPhone
		{65B76AC4-1396-4138-A0F7-41DFCDEF9956}.Debug|iPhone.Build.0 = Debug|iPhone
		{65B76AC4-1396-4138-A0F7-41DFCDEF9956}.Debug|iPhone.Deploy.0 = Debug|iPhone
		{65B76AC4-1396-4138-A0F7-41DFCDEF9956}.Debug|iPhoneSimulator.ActiveCfg = Debug|iPhoneSimulator
		{65B76AC4-1396-4138-A0F7-41DFCDEF9956}.Debug|iPhoneSimulator.Build.0 = Debug|iPhoneSimulator
		{65B76AC4-1396-4138-A0F7-41DFCDEF9956}.Debug|iPhoneSimulator.Deploy.0 = Debug|iPhoneSimulator
		{65B76AC4-1396-4138-A0F7-41DFCDEF9956}.Release|Any CPU.ActiveCfg = Release|iPhoneSimulator
		{65B76AC4-1396-4138-A0F7-41DFCDEF9956}.Release|Any CPU.Build.0 = Release|iPhoneSimulator
		{65B76AC4-1396-4138-A0F7-41DFCDEF9956}.Release|Any CPU.Deploy.0 = Release|iPhoneSimulator
		{65B76AC4-1396-4138-A0F7-41DFCDEF9956}.Release|iPhone.ActiveCfg = Release|iPhone
		{65B76AC4-1396-4138-A0F7-41DFCDEF9956}.Release|iPhone.Build.0 = Release|iPhone
		{65B76AC4-1396-4138-A0F7-41DFCDEF9956}.Release|iPhone.Deploy.0 = Release|iPhone
		{65B76AC4-1396-4138-A0F7-41DFCDEF9956}.Release|iPhoneSimulator.ActiveCfg = Release|iPhoneSimulator
		{65B76AC4-1396-4138-A0F7-41DFCDEF9956}.Release|iPhoneSimulator.Build.0 = Release|iPhoneSimulator
		{65B76AC4-1396-4138-A0F7-41DFCDEF9956}.Release|iPhoneSimulator.Deploy.0 = Release|iPhoneSimulator
		{7A54C54D-9C89-494C-A090-3808FC99CE1B}.Debug|Any CPU.ActiveCfg = Debug|Any CPU
		{7A54C54D-9C89-494C-A090-3808FC99CE1B}.Debug|Any CPU.Build.0 = Debug|Any CPU
		{7A54C54D-9C89-494C-A090-3808FC99CE1B}.Debug|Any CPU.Deploy.0 = Debug|Any CPU
		{7A54C54D-9C89-494C-A090-3808FC99CE1B}.Debug|iPhone.ActiveCfg = Debug|Any CPU
		{7A54C54D-9C89-494C-A090-3808FC99CE1B}.Debug|iPhone.Build.0 = Debug|Any CPU
		{7A54C54D-9C89-494C-A090-3808FC99CE1B}.Debug|iPhone.Deploy.0 = Debug|Any CPU
		{7A54C54D-9C89-494C-A090-3808FC99CE1B}.Debug|iPhoneSimulator.ActiveCfg = Debug|Any CPU
		{7A54C54D-9C89-494C-A090-3808FC99CE1B}.Debug|iPhoneSimulator.Build.0 = Debug|Any CPU
		{7A54C54D-9C89-494C-A090-3808FC99CE1B}.Debug|iPhoneSimulator.Deploy.0 = Debug|Any CPU
		{7A54C54D-9C89-494C-A090-3808FC99CE1B}.Release|Any CPU.ActiveCfg = Release|Any CPU
		{7A54C54D-9C89-494C-A090-3808FC99CE1B}.Release|Any CPU.Build.0 = Release|Any CPU
		{7A54C54D-9C89-494C-A090-3808FC99CE1B}.Release|Any CPU.Deploy.0 = Release|Any CPU
		{7A54C54D-9C89-494C-A090-3808FC99CE1B}.Release|iPhone.ActiveCfg = Release|Any CPU
		{7A54C54D-9C89-494C-A090-3808FC99CE1B}.Release|iPhone.Build.0 = Release|Any CPU
		{7A54C54D-9C89-494C-A090-3808FC99CE1B}.Release|iPhone.Deploy.0 = Release|Any CPU
		{7A54C54D-9C89-494C-A090-3808FC99CE1B}.Release|iPhoneSimulator.ActiveCfg = Release|Any CPU
		{7A54C54D-9C89-494C-A090-3808FC99CE1B}.Release|iPhoneSimulator.Build.0 = Release|Any CPU
		{7A54C54D-9C89-494C-A090-3808FC99CE1B}.Release|iPhoneSimulator.Deploy.0 = Release|Any CPU
	EndGlobalSection
	GlobalSection(SolutionProperties) = preSolution
		HideSolutionNode = FALSE
	EndGlobalSection
	GlobalSection(ExtensibilityGlobals) = postSolution
		SolutionGuid = {1EDEC38C-7F61-4D4E-A552-46C76BFCB265}
	EndGlobalSection
EndGlobal
